// !$*UTF8*$!
{
	archiveVersion = 1;
	classes = {
	};
	objectVersion = 46;
	objects = {

/* Begin PBXBuildFile section */
		60731A321C08727C00C39B90 /* AppDelegate.swift in Sources */ = {isa = PBXBuildFile; fileRef = 60731A311C08727C00C39B90 /* AppDelegate.swift */; };
		60731A341C08727C00C39B90 /* TopViewController.swift in Sources */ = {isa = PBXBuildFile; fileRef = 60731A331C08727C00C39B90 /* TopViewController.swift */; };
		60731A361C08727C00C39B90 /* gameViewController.swift in Sources */ = {isa = PBXBuildFile; fileRef = 60731A351C08727C00C39B90 /* gameViewController.swift */; };
		60731A381C08727C00C39B90 /* ScoreViewController.swift in Sources */ = {isa = PBXBuildFile; fileRef = 60731A371C08727C00C39B90 /* ScoreViewController.swift */; };
		60731A3B1C08727C00C39B90 /* Main.storyboard in Resources */ = {isa = PBXBuildFile; fileRef = 60731A391C08727C00C39B90 /* Main.storyboard */; };
		60731A401C08727C00C39B90 /* LaunchScreen.storyboard in Resources */ = {isa = PBXBuildFile; fileRef = 60731A3E1C08727C00C39B90 /* LaunchScreen.storyboard */; };
		60731A4B1C08727C00C39B90 /* morizo_Tests.swift in Sources */ = {isa = PBXBuildFile; fileRef = 60731A4A1C08727C00C39B90 /* morizo_Tests.swift */; };
		60731A561C08727C00C39B90 /* morizo_UITests.swift in Sources */ = {isa = PBXBuildFile; fileRef = 60731A551C08727C00C39B90 /* morizo_UITests.swift */; };
		60731A641C08759600C39B90 /* Scoreclass.swift in Sources */ = {isa = PBXBuildFile; fileRef = 60731A631C08759600C39B90 /* Scoreclass.swift */; };
/* End PBXBuildFile section */

/* Begin PBXContainerItemProxy section */
		60731A471C08727C00C39B90 /* PBXContainerItemProxy */ = {
			isa = PBXContainerItemProxy;
			containerPortal = 60731A261C08727C00C39B90 /* Project object */;
			proxyType = 1;
			remoteGlobalIDString = 60731A2D1C08727C00C39B90;
			remoteInfo = "morizo-";
		};
		60731A521C08727C00C39B90 /* PBXContainerItemProxy */ = {
			isa = PBXContainerItemProxy;
			containerPortal = 60731A261C08727C00C39B90 /* Project object */;
			proxyType = 1;
			remoteGlobalIDString = 60731A2D1C08727C00C39B90;
			remoteInfo = "morizo-";
		};
/* End PBXContainerItemProxy section */

/* Begin PBXFileReference section */
		60731A2E1C08727C00C39B90 /* morizo-.app */ = {isa = PBXFileReference; explicitFileType = wrapper.application; includeInIndex = 0; path = "morizo-.app"; sourceTree = BUILT_PRODUCTS_DIR; };
		60731A311C08727C00C39B90 /* AppDelegate.swift */ = {isa = PBXFileReference; lastKnownFileType = sourcecode.swift; path = AppDelegate.swift; sourceTree = "<group>"; };
		60731A331C08727C00C39B90 /* TopViewController.swift */ = {isa = PBXFileReference; lastKnownFileType = sourcecode.swift; path = TopViewController.swift; sourceTree = "<group>"; };
		60731A351C08727C00C39B90 /* gameViewController.swift */ = {isa = PBXFileReference; lastKnownFileType = sourcecode.swift; path = gameViewController.swift; sourceTree = "<group>"; };
		60731A371C08727C00C39B90 /* ScoreViewController.swift */ = {isa = PBXFileReference; lastKnownFileType = sourcecode.swift; path = ScoreViewController.swift; sourceTree = "<group>"; };
		60731A3A1C08727C00C39B90 /* Base */ = {isa = PBXFileReference; lastKnownFileType = file.storyboard; name = Base; path = Base.lproj/Main.storyboard; sourceTree = "<group>"; };
		60731A3F1C08727C00C39B90 /* Base */ = {isa = PBXFileReference; lastKnownFileType = file.storyboard; name = Base; path = Base.lproj/LaunchScreen.storyboard; sourceTree = "<group>"; };
		60731A411C08727C00C39B90 /* Info.plist */ = {isa = PBXFileReference; lastKnownFileType = text.plist.xml; path = Info.plist; sourceTree = "<group>"; };
		60731A461C08727C00C39B90 /* morizo-Tests.xctest */ = {isa = PBXFileReference; explicitFileType = wrapper.cfbundle; includeInIndex = 0; path = "morizo-Tests.xctest"; sourceTree = BUILT_PRODUCTS_DIR; };
		60731A4A1C08727C00C39B90 /* morizo_Tests.swift */ = {isa = PBXFileReference; lastKnownFileType = sourcecode.swift; path = morizo_Tests.swift; sourceTree = "<group>"; };
		60731A4C1C08727C00C39B90 /* Info.plist */ = {isa = PBXFileReference; lastKnownFileType = text.plist.xml; path = Info.plist; sourceTree = "<group>"; };
		60731A511C08727C00C39B90 /* morizo-UITests.xctest */ = {isa = PBXFileReference; explicitFileType = wrapper.cfbundle; includeInIndex = 0; path = "morizo-UITests.xctest"; sourceTree = BUILT_PRODUCTS_DIR; };
		60731A551C08727C00C39B90 /* morizo_UITests.swift */ = {isa = PBXFileReference; lastKnownFileType = sourcecode.swift; path = morizo_UITests.swift; sourceTree = "<group>"; };
		60731A571C08727C00C39B90 /* Info.plist */ = {isa = PBXFileReference; lastKnownFileType = text.plist.xml; path = Info.plist; sourceTree = "<group>"; };
		60731A631C08759600C39B90 /* Scoreclass.swift */ = {isa = PBXFileReference; fileEncoding = 4; lastKnownFileType = sourcecode.swift; path = Scoreclass.swift; sourceTree = "<group>"; };
/* End PBXFileReference section */

/* Begin PBXFrameworksBuildPhase section */
		60731A2B1C08727C00C39B90 /* Frameworks */ = {
			isa = PBXFrameworksBuildPhase;
			buildActionMask = 2147483647;
			files = (
			);
			runOnlyForDeploymentPostprocessing = 0;
		};
		60731A431C08727C00C39B90 /* Frameworks */ = {
			isa = PBXFrameworksBuildPhase;
			buildActionMask = 2147483647;
			files = (
			);
			runOnlyForDeploymentPostprocessing = 0;
		};
		60731A4E1C08727C00C39B90 /* Frameworks */ = {
			isa = PBXFrameworksBuildPhase;
			buildActionMask = 2147483647;
			files = (
			);
			runOnlyForDeploymentPostprocessing = 0;
		};
/* End PBXFrameworksBuildPhase section */

/* Begin PBXGroup section */
		60731A251C08727C00C39B90 = {
			isa = PBXGroup;
			children = (
				60731A301C08727C00C39B90 /* morizo- */,
				60731A491C08727C00C39B90 /* morizo-Tests */,
				60731A541C08727C00C39B90 /* morizo-UITests */,
				60731A2F1C08727C00C39B90 /* Products */,
			);
			sourceTree = "<group>";
		};
		60731A2F1C08727C00C39B90 /* Products */ = {
			isa = PBXGroup;
			children = (
				60731A2E1C08727C00C39B90 /* morizo-.app */,
				60731A461C08727C00C39B90 /* morizo-Tests.xctest */,
				60731A511C08727C00C39B90 /* morizo-UITests.xctest */,
			);
			name = Products;
			sourceTree = "<group>";
		};
		60731A301C08727C00C39B90 /* morizo- */ = {
			isa = PBXGroup;
			children = (
				60731A311C08727C00C39B90 /* AppDelegate.swift */,
				60731A331C08727C00C39B90 /* TopViewController.swift */,
				60731A351C08727C00C39B90 /* gameViewController.swift */,
				60731A371C08727C00C39B90 /* ScoreViewController.swift */,
				60731A391C08727C00C39B90 /* Main.storyboard */,
				60731A631C08759600C39B90 /* Scoreclass.swift */,
				60731A3E1C08727C00C39B90 /* LaunchScreen.storyboard */,
				60731A411C08727C00C39B90 /* Info.plist */,
			);
			path = "morizo-";
			sourceTree = "<group>";
		};
		60731A491C08727C00C39B90 /* morizo-Tests */ = {
			isa = PBXGroup;
			children = (
				60731A4A1C08727C00C39B90 /* morizo_Tests.swift */,
				60731A4C1C08727C00C39B90 /* Info.plist */,
			);
			path = "morizo-Tests";
			sourceTree = "<group>";
		};
		60731A541C08727C00C39B90 /* morizo-UITests */ = {
			isa = PBXGroup;
			children = (
				60731A551C08727C00C39B90 /* morizo_UITests.swift */,
				60731A571C08727C00C39B90 /* Info.plist */,
			);
			path = "morizo-UITests";
			sourceTree = "<group>";
		};
/* End PBXGroup section */

/* Begin PBXNativeTarget section */
		60731A2D1C08727C00C39B90 /* morizo- */ = {
			isa = PBXNativeTarget;
			buildConfigurationList = 60731A5A1C08727C00C39B90 /* Build configuration list for PBXNativeTarget "morizo-" */;
			buildPhases = (
				60731A2A1C08727C00C39B90 /* Sources */,
				60731A2B1C08727C00C39B90 /* Frameworks */,
				60731A2C1C08727C00C39B90 /* Resources */,
			);
			buildRules = (
			);
			dependencies = (
			);
			name = "morizo-";
			productName = "morizo-";
			productReference = 60731A2E1C08727C00C39B90 /* morizo-.app */;
			productType = "com.apple.product-type.application";
		};
		60731A451C08727C00C39B90 /* morizo-Tests */ = {
			isa = PBXNativeTarget;
			buildConfigurationList = 60731A5D1C08727C00C39B90 /* Build configuration list for PBXNativeTarget "morizo-Tests" */;
			buildPhases = (
				60731A421C08727C00C39B90 /* Sources */,
				60731A431C08727C00C39B90 /* Frameworks */,
				60731A441C08727C00C39B90 /* Resources */,
			);
			buildRules = (
			);
			dependencies = (
				60731A481C08727C00C39B90 /* PBXTargetDependency */,
			);
			name = "morizo-Tests";
			productName = "morizo-Tests";
			productReference = 60731A461C08727C00C39B90 /* morizo-Tests.xctest */;
			productType = "com.apple.product-type.bundle.unit-test";
		};
		60731A501C08727C00C39B90 /* morizo-UITests */ = {
			isa = PBXNativeTarget;
			buildConfigurationList = 60731A601C08727C00C39B90 /* Build configuration list for PBXNativeTarget "morizo-UITests" */;
			buildPhases = (
				60731A4D1C08727C00C39B90 /* Sources */,
				60731A4E1C08727C00C39B90 /* Frameworks */,
				60731A4F1C08727C00C39B90 /* Resources */,
			);
			buildRules = (
			);
			dependencies = (
				60731A531C08727C00C39B90 /* PBXTargetDependency */,
			);
			name = "morizo-UITests";
			productName = "morizo-UITests";
			productReference = 60731A511C08727C00C39B90 /* morizo-UITests.xctest */;
			productType = "com.apple.product-type.bundle.ui-testing";
		};
/* End PBXNativeTarget section */

/* Begin PBXProject section */
		60731A261C08727C00C39B90 /* Project object */ = {
			isa = PBXProject;
			attributes = {
				LastSwiftUpdateCheck = 0710;
				LastUpgradeCheck = 0710;
				ORGANIZATIONNAME = "桃原　優";
				TargetAttributes = {
					60731A2D1C08727C00C39B90 = {
						CreatedOnToolsVersion = 7.1.1;
					};
					60731A451C08727C00C39B90 = {
						CreatedOnToolsVersion = 7.1.1;
						TestTargetID = 60731A2D1C08727C00C39B90;
					};
					60731A501C08727C00C39B90 = {
						CreatedOnToolsVersion = 7.1.1;
						TestTargetID = 60731A2D1C08727C00C39B90;
					};
				};
			};
			buildConfigurationList = 60731A291C08727C00C39B90 /* Build configuration list for PBXProject "morizo-" */;
			compatibilityVersion = "Xcode 3.2";
			developmentRegion = English;
			hasScannedForEncodings = 0;
			knownRegions = (
				en,
				Base,
			);
			mainGroup = 60731A251C08727C00C39B90;
			productRefGroup = 60731A2F1C08727C00C39B90 /* Products */;
			projectDirPath = "";
			projectRoot = "";
			targets = (
				60731A2D1C08727C00C39B90 /* morizo- */,
				60731A451C08727C00C39B90 /* morizo-Tests */,
				60731A501C08727C00C39B90 /* morizo-UITests */,
			);
		};
/* End PBXProject section */

/* Begin PBXResourcesBuildPhase section */
		60731A2C1C08727C00C39B90 /* Resources */ = {
			isa = PBXResourcesBuildPhase;
			buildActionMask = 2147483647;
			files = (
				60731A401C08727C00C39B90 /* LaunchScreen.storyboard in Resources */,
				60731A3B1C08727C00C39B90 /* Main.storyboard in Resources */,
			);
			runOnlyForDeploymentPostprocessing = 0;
		};
		60731A441C08727C00C39B90 /* Resources */ = {
			isa = PBXResourcesBuildPhase;
			buildActionMask = 2147483647;
			files = (
			);
			runOnlyForDeploymentPostprocessing = 0;
		};
		60731A4F1C08727C00C39B90 /* Resources */ = {
			isa = PBXResourcesBuildPhase;
			buildActionMask = 2147483647;
			files = (
			);
			runOnlyForDeploymentPostprocessing = 0;
		};
/* End PBXResourcesBuildPhase section */

/* Begin PBXSourcesBuildPhase section */
		60731A2A1C08727C00C39B90 /* Sources */ = {
			isa = PBXSourcesBuildPhase;
			buildActionMask = 2147483647;
			files = (
				60731A341C08727C00C39B90 /* TopViewController.swift in Sources */,
				60731A381C08727C00C39B90 /* ScoreViewController.swift in Sources */,
				60731A641C08759600C39B90 /* Scoreclass.swift in Sources */,
				60731A361C08727C00C39B90 /* gameViewController.swift in Sources */,
				60731A321C08727C00C39B90 /* AppDelegate.swift in Sources */,
			);
			runOnlyForDeploymentPostprocessing = 0;
		};
		60731A421C08727C00C39B90 /* Sources */ = {
			isa = PBXSourcesBuildPhase;
			buildActionMask = 2147483647;
			files = (
				60731A4B1C08727C00C39B90 /* morizo_Tests.swift in Sources */,
			);
			runOnlyForDeploymentPostprocessing = 0;
		};
		60731A4D1C08727C00C39B90 /* Sources */ = {
			isa = PBXSourcesBuildPhase;
			buildActionMask = 2147483647;
			files = (
				60731A561C08727C00C39B90 /* morizo_UITests.swift in Sources */,
			);
			runOnlyForDeploymentPostprocessing = 0;
		};
/* End PBXSourcesBuildPhase section */

/* Begin PBXTargetDependency section */
		60731A481C08727C00C39B90 /* PBXTargetDependency */ = {
			isa = PBXTargetDependency;
			target = 60731A2D1C08727C00C39B90 /* morizo- */;
			targetProxy = 60731A471C08727C00C39B90 /* PBXContainerItemProxy */;
		};
		60731A531C08727C00C39B90 /* PBXTargetDependency */ = {
			isa = PBXTargetDependency;
			target = 60731A2D1C08727C00C39B90 /* morizo- */;
			targetProxy = 60731A521C08727C00C39B90 /* PBXContainerItemProxy */;
		};
/* End PBXTargetDependency section */

/* Begin PBXVariantGroup section */
		60731A391C08727C00C39B90 /* Main.storyboard */ = {
			isa = PBXVariantGroup;
			children = (
				60731A3A1C08727C00C39B90 /* Base */,
			);
			name = Main.storyboard;
			sourceTree = "<group>";
		};
		60731A3E1C08727C00C39B90 /* LaunchScreen.storyboard */ = {
			isa = PBXVariantGroup;
			children = (
				60731A3F1C08727C00C39B90 /* Base */,
			);
			name = LaunchScreen.storyboard;
			sourceTree = "<group>";
		};
/* End PBXVariantGroup section */

/* Begin XCBuildConfiguration section */
		60731A581C08727C00C39B90 /* Debug */ = {
			isa = XCBuildConfiguration;
			buildSettings = {
				ALWAYS_SEARCH_USER_PATHS = NO;
				CLANG_CXX_LANGUAGE_STANDARD = "gnu++0x";
				CLANG_CXX_LIBRARY = "libc++";
				CLANG_ENABLE_MODULES = YES;
				CLANG_ENABLE_OBJC_ARC = YES;
				CLANG_WARN_BOOL_CONVERSION = YES;
				CLANG_WARN_CONSTANT_CONVERSION = YES;
				CLANG_WARN_DIRECT_OBJC_ISA_USAGE = YES_ERROR;
				CLANG_WARN_EMPTY_BODY = YES;
				CLANG_WARN_ENUM_CONVERSION = YES;
				CLANG_WARN_INT_CONVERSION = YES;
				CLANG_WARN_OBJC_ROOT_CLASS = YES_ERROR;
				CLANG_WARN_UNREACHABLE_CODE = YES;
				CLANG_WARN__DUPLICATE_METHOD_MATCH = YES;
				"CODE_SIGN_IDENTITY[sdk=iphoneos*]" = "iPhone Developer";
				COPY_PHASE_STRIP = NO;
				DEBUG_INFORMATION_FORMAT = dwarf;
				ENABLE_STRICT_OBJC_MSGSEND = YES;
				ENABLE_TESTABILITY = YES;
				GCC_C_LANGUAGE_STANDARD = gnu99;
				GCC_DYNAMIC_NO_PIC = NO;
				GCC_NO_COMMON_BLOCKS = YES;
				GCC_OPTIMIZATION_LEVEL = 0;
				GCC_PREPROCESSOR_DEFINITIONS = (
					"DEBUG=1",
					"$(inherited)",
				);
				GCC_WARN_64_TO_32_BIT_CONVERSION = YES;
				GCC_WARN_ABOUT_RETURN_TYPE = YES_ERROR;
				GCC_WARN_UNDECLARED_SELECTOR = YES;
				GCC_WARN_UNINITIALIZED_AUTOS = YES_AGGRESSIVE;
				GCC_WARN_UNUSED_FUNCTION = YES;
				GCC_WARN_UNUSED_VARIABLE = YES;
				IPHONEOS_DEPLOYMENT_TARGET = 9.1;
				MTL_ENABLE_DEBUG_INFO = YES;
				ONLY_ACTIVE_ARCH = YES;
				SDKROOT = iphoneos;
				SWIFT_OPTIMIZATION_LEVEL = "-Onone";
			};
			name = Debug;
		};
		60731A591C08727C00C39B90 /* Release */ = {
			isa = XCBuildConfiguration;
			buildSettings = {
				ALWAYS_SEARCH_USER_PATHS = NO;
				CLANG_CXX_LANGUAGE_STANDARD = "gnu++0x";
				CLANG_CXX_LIBRARY = "libc++";
				CLANG_ENABLE_MODULES = YES;
				CLANG_ENABLE_OBJC_ARC = YES;
				CLANG_WARN_BOOL_CONVERSION = YES;
				CLANG_WARN_CONSTANT_CONVERSION = YES;
				CLANG_WARN_DIRECT_OBJC_ISA_USAGE = YES_ERROR;
				CLANG_WARN_EMPTY_BODY = YES;
				CLANG_WARN_ENUM_CONVERSION = YES;
				CLANG_WARN_INT_CONVERSION = YES;
				CLANG_WARN_OBJC_ROOT_CLASS = YES_ERROR;
				CLANG_WARN_UNREACHABLE_CODE = YES;
				CLANG_WARN__DUPLICATE_METHOD_MATCH = YES;
				"CODE_SIGN_IDENTITY[sdk=iphoneos*]" = "iPhone Developer";
				COPY_PHASE_STRIP = NO;
				DEBUG_INFORMATION_FORMAT = "dwarf-with-dsym";
				ENABLE_NS_ASSERTIONS = NO;
				ENABLE_STRICT_OBJC_MSGSEND = YES;
				GCC_C_LANGUAGE_STANDARD = gnu99;
				GCC_NO_COMMON_BLOCKS = YES;
				GCC_WARN_64_TO_32_BIT_CONVERSION = YES;
				GCC_WARN_ABOUT_RETURN_TYPE = YES_ERROR;
				GCC_WARN_UNDECLARED_SELECTOR = YES;
				GCC_WARN_UNINITIALIZED_AUTOS = YES_AGGRESSIVE;
				GCC_WARN_UNUSED_FUNCTION = YES;
				GCC_WARN_UNUSED_VARIABLE = YES;
				IPHONEOS_DEPLOYMENT_TARGET = 9.1;
				MTL_ENABLE_DEBUG_INFO = NO;
				SDKROOT = iphoneos;
				VALIDATE_PRODUCT = YES;
			};
			name = Release;
		};
		60731A5B1C08727C00C39B90 /* Debug */ = {
			isa = XCBuildConfiguration;
			buildSettings = {
				ASSETCATALOG_COMPILER_APPICON_NAME = AppIcon;
				INFOPLIST_FILE = "morizo-/Info.plist";
				LD_RUNPATH_SEARCH_PATHS = "$(inherited) @executable_path/Frameworks";
				PRODUCT_BUNDLE_IDENTIFIER = "practice.morizo-";
				PRODUCT_NAME = "$(TARGET_NAME)";
			};
			name = Debug;
		};
		60731A5C1C08727C00C39B90 /* Release */ = {
			isa = XCBuildConfiguration;
			buildSettings = {
				ASSETCATALOG_COMPILER_APPICON_NAME = AppIcon;
				INFOPLIST_FILE = "morizo-/Info.plist";
				LD_RUNPATH_SEARCH_PATHS = "$(inherited) @executable_path/Frameworks";
				PRODUCT_BUNDLE_IDENTIFIER = "practice.morizo-";
				PRODUCT_NAME = "$(TARGET_NAME)";
			};
			name = Release;
		};
		60731A5E1C08727C00C39B90 /* Debug */ = {
			isa = XCBuildConfiguration;
			buildSettings = {
				BUNDLE_LOADER = "$(TEST_HOST)";
				INFOPLIST_FILE = "morizo-Tests/Info.plist";
				LD_RUNPATH_SEARCH_PATHS = "$(inherited) @executable_path/Frameworks @loader_path/Frameworks";
				PRODUCT_BUNDLE_IDENTIFIER = "practice.morizo-Tests";
				PRODUCT_NAME = "$(TARGET_NAME)";
				TEST_HOST = "$(BUILT_PRODUCTS_DIR)/morizo-.app/morizo-";
			};
			name = Debug;
		};
		60731A5F1C08727C00C39B90 /* Release */ = {
			isa = XCBuildConfiguration;
			buildSettings = {
				BUNDLE_LOADER = "$(TEST_HOST)";
				INFOPLIST_FILE = "morizo-Tests/Info.plist";
				LD_RUNPATH_SEARCH_PATHS = "$(inherited) @executable_path/Frameworks @loader_path/Frameworks";
				PRODUCT_BUNDLE_IDENTIFIER = "practice.morizo-Tests";
				PRODUCT_NAME = "$(TARGET_NAME)";
				TEST_HOST = "$(BUILT_PRODUCTS_DIR)/morizo-.app/morizo-";
			};
			name = Release;
		};
		60731A611C08727C00C39B90 /* Debug */ = {
			isa = XCBuildConfiguration;
			buildSettings = {
				INFOPLIST_FILE = "morizo-UITests/Info.plist";
				LD_RUNPATH_SEARCH_PATHS = "$(inherited) @executable_path/Frameworks @loader_path/Frameworks";
				PRODUCT_BUNDLE_IDENTIFIER = "practice.morizo-UITests";
				PRODUCT_NAME = "$(TARGET_NAME)";
				TEST_TARGET_NAME = "morizo-";
				USES_XCTRUNNER = YES;
			};
			name = Debug;
		};
		60731A621C08727C00C39B90 /* Release */ = {
			isa = XCBuildConfiguration;
			buildSettings = {
				INFOPLIST_FILE = "morizo-UITests/Info.plist";
				LD_RUNPATH_SEARCH_PATHS = "$(inherited) @executable_path/Frameworks @loader_path/Frameworks";
				PRODUCT_BUNDLE_IDENTIFIER = "practice.morizo-UITests";
				PRODUCT_NAME = "$(TARGET_NAME)";
				TEST_TARGET_NAME = "morizo-";
				USES_XCTRUNNER = YES;
			};
			name = Release;
		};
/* End XCBuildConfiguration section */

/* Begin XCConfigurationList section */
		60731A291C08727C00C39B90 /* Build configuration list for PBXProject "morizo-" */ = {
			isa = XCConfigurationList;
			buildConfigurations = (
				60731A581C08727C00C39B90 /* Debug */,
				60731A591C08727C00C39B90 /* Release */,
			);
			defaultConfigurationIsVisible = 0;
			defaultConfigurationName = Release;
		};
		60731A5A1C08727C00C39B90 /* Build configuration list for PBXNativeTarget "morizo-" */ = {
			isa = XCConfigurationList;
			buildConfigurations = (
				60731A5B1C08727C00C39B90 /* Debug */,
				60731A5C1C08727C00C39B90 /* Release */,
			);
			defaultConfigurationIsVisible = 0;
			defaultConfigurationName = Release;
		};
		60731A5D1C08727C00C39B90 /* Build configuration list for PBXNativeTarget "morizo-Tests" */ = {
			isa = XCConfigurationList;
			buildConfigurations = (
				60731A5E1C08727C00C39B90 /* Debug */,
				60731A5F1C08727C00C39B90 /* Release */,
			);
			defaultConfigurationIsVisible = 0;
			defaultConfigurationName = Release;
		};
		60731A601C08727C00C39B90 /* Build configuration list for PBXNativeTarget "morizo-UITests" */ = {
			isa = XCConfigurationList;
			buildConfigurations = (
				60731A611C08727C00C39B90 /* Debug */,
				60731A621C08727C00C39B90 /* Release */,
			);
			defaultConfigurationIsVisible = 0;
			defaultConfigurationName = Release;
		};
/* End XCConfigurationList section */
	};
	rootObject = 60731A261C08727C00C39B90 /* Project object */;
}
