// !$*UTF8*$!
{
	archiveVersion = 1;
	classes = {
	};
	objectVersion = 46;
	objects = {

/* Begin PBXBuildFile section */
		60201D6A1C190EB400A12788 /* AppDelegate.swift in Sources */ = {isa = PBXBuildFile; fileRef = 60201D691C190EB400A12788 /* AppDelegate.swift */; };
		60201D6C1C190EB400A12788 /* gameViewController.swift in Sources */ = {isa = PBXBuildFile; fileRef = 60201D6B1C190EB400A12788 /* gameViewController.swift */; };
		60201D6F1C190EB400A12788 /* Main.storyboard in Resources */ = {isa = PBXBuildFile; fileRef = 60201D6D1C190EB400A12788 /* Main.storyboard */; };
		60201D711C190EB400A12788 /* Assets.xcassets in Resources */ = {isa = PBXBuildFile; fileRef = 60201D701C190EB400A12788 /* Assets.xcassets */; };
		60201D741C190EB400A12788 /* LaunchScreen.storyboard in Resources */ = {isa = PBXBuildFile; fileRef = 60201D721C190EB400A12788 /* LaunchScreen.storyboard */; };
		60201D7F1C190EB400A12788 /* macsnapTests.swift in Sources */ = {isa = PBXBuildFile; fileRef = 60201D7E1C190EB400A12788 /* macsnapTests.swift */; };
		60201D8A1C190EB400A12788 /* macsnapUITests.swift in Sources */ = {isa = PBXBuildFile; fileRef = 60201D891C190EB400A12788 /* macsnapUITests.swift */; };
		60201D981C190EF300A12788 /* TopViewController.swift in Sources */ = {isa = PBXBuildFile; fileRef = 60201D971C190EF300A12788 /* TopViewController.swift */; };
		60201D9A1C19103E00A12788 /* Scoreclass.swift in Sources */ = {isa = PBXBuildFile; fileRef = 60201D991C19103E00A12788 /* Scoreclass.swift */; };
		60201D9C1C19106B00A12788 /* ScoreViewController.swift in Sources */ = {isa = PBXBuildFile; fileRef = 60201D9B1C19106B00A12788 /* ScoreViewController.swift */; };
		60E918731C21A82400582C9C /* after.png in Resources */ = {isa = PBXBuildFile; fileRef = 60E9186F1C21A82400582C9C /* after.png */; };
		60E918741C21A82400582C9C /* before.png in Resources */ = {isa = PBXBuildFile; fileRef = 60E918701C21A82400582C9C /* before.png */; };
		60E918751C21A82400582C9C /* end_music.mp3 in Resources */ = {isa = PBXBuildFile; fileRef = 60E918711C21A82400582C9C /* end_music.mp3 */; };
		60E918761C21A82400582C9C /* game_music.mp3 in Resources */ = {isa = PBXBuildFile; fileRef = 60E918721C21A82400582C9C /* game_music.mp3 */; };
		60E918791C21A82E00582C9C /* start_music.mp3 in Resources */ = {isa = PBXBuildFile; fileRef = 60E918771C21A82E00582C9C /* start_music.mp3 */; };
		60E9187A1C21A82E00582C9C /* 失敗.mp3 in Resources */ = {isa = PBXBuildFile; fileRef = 60E918781C21A82E00582C9C /* 失敗.mp3 */; };
/* End PBXBuildFile section */

/* Begin PBXContainerItemProxy section */
		60201D7B1C190EB400A12788 /* PBXContainerItemProxy */ = {
			isa = PBXContainerItemProxy;
			containerPortal = 60201D5E1C190EB400A12788 /* Project object */;
			proxyType = 1;
			remoteGlobalIDString = 60201D651C190EB400A12788;
			remoteInfo = macsnap;
		};
		60201D861C190EB400A12788 /* PBXContainerItemProxy */ = {
			isa = PBXContainerItemProxy;
			containerPortal = 60201D5E1C190EB400A12788 /* Project object */;
			proxyType = 1;
			remoteGlobalIDString = 60201D651C190EB400A12788;
			remoteInfo = macsnap;
		};
/* End PBXContainerItemProxy section */

/* Begin PBXFileReference section */
		60201D661C190EB400A12788 /* macsnap.app */ = {isa = PBXFileReference; explicitFileType = wrapper.application; includeInIndex = 0; path = macsnap.app; sourceTree = BUILT_PRODUCTS_DIR; };
		60201D691C190EB400A12788 /* AppDelegate.swift */ = {isa = PBXFileReference; lastKnownFileType = sourcecode.swift; path = AppDelegate.swift; sourceTree = "<group>"; };
		60201D6B1C190EB400A12788 /* gameViewController.swift */ = {isa = PBXFileReference; lastKnownFileType = sourcecode.swift; path = gameViewController.swift; sourceTree = "<group>"; };
		60201D6E1C190EB400A12788 /* Base */ = {isa = PBXFileReference; lastKnownFileType = file.storyboard; name = Base; path = Base.lproj/Main.storyboard; sourceTree = "<group>"; };
		60201D701C190EB400A12788 /* Assets.xcassets */ = {isa = PBXFileReference; lastKnownFileType = folder.assetcatalog; path = Assets.xcassets; sourceTree = "<group>"; };
		60201D731C190EB400A12788 /* Base */ = {isa = PBXFileReference; lastKnownFileType = file.storyboard; name = Base; path = Base.lproj/LaunchScreen.storyboard; sourceTree = "<group>"; };
		60201D751C190EB400A12788 /* Info.plist */ = {isa = PBXFileReference; lastKnownFileType = text.plist.xml; path = Info.plist; sourceTree = "<group>"; };
		60201D7A1C190EB400A12788 /* macsnapTests.xctest */ = {isa = PBXFileReference; explicitFileType = wrapper.cfbundle; includeInIndex = 0; path = macsnapTests.xctest; sourceTree = BUILT_PRODUCTS_DIR; };
		60201D7E1C190EB400A12788 /* macsnapTests.swift */ = {isa = PBXFileReference; lastKnownFileType = sourcecode.swift; path = macsnapTests.swift; sourceTree = "<group>"; };
		60201D801C190EB400A12788 /* Info.plist */ = {isa = PBXFileReference; lastKnownFileType = text.plist.xml; path = Info.plist; sourceTree = "<group>"; };
		60201D851C190EB400A12788 /* macsnapUITests.xctest */ = {isa = PBXFileReference; explicitFileType = wrapper.cfbundle; includeInIndex = 0; path = macsnapUITests.xctest; sourceTree = BUILT_PRODUCTS_DIR; };
		60201D891C190EB400A12788 /* macsnapUITests.swift */ = {isa = PBXFileReference; lastKnownFileType = sourcecode.swift; path = macsnapUITests.swift; sourceTree = "<group>"; };
		60201D8B1C190EB400A12788 /* Info.plist */ = {isa = PBXFileReference; lastKnownFileType = text.plist.xml; path = Info.plist; sourceTree = "<group>"; };
		60201D971C190EF300A12788 /* TopViewController.swift */ = {isa = PBXFileReference; fileEncoding = 4; lastKnownFileType = sourcecode.swift; path = TopViewController.swift; sourceTree = "<group>"; };
		60201D991C19103E00A12788 /* Scoreclass.swift */ = {isa = PBXFileReference; fileEncoding = 4; lastKnownFileType = sourcecode.swift; path = Scoreclass.swift; sourceTree = "<group>"; };
		60201D9B1C19106B00A12788 /* ScoreViewController.swift */ = {isa = PBXFileReference; fileEncoding = 4; lastKnownFileType = sourcecode.swift; path = ScoreViewController.swift; sourceTree = "<group>"; };
		60E9186F1C21A82400582C9C /* after.png */ = {isa = PBXFileReference; lastKnownFileType = image.png; path = after.png; sourceTree = SOURCE_ROOT; };
		60E918701C21A82400582C9C /* before.png */ = {isa = PBXFileReference; lastKnownFileType = image.png; path = before.png; sourceTree = SOURCE_ROOT; };
		60E918711C21A82400582C9C /* end_music.mp3 */ = {isa = PBXFileReference; lastKnownFileType = audio.mp3; path = end_music.mp3; sourceTree = SOURCE_ROOT; };
		60E918721C21A82400582C9C /* game_music.mp3 */ = {isa = PBXFileReference; lastKnownFileType = audio.mp3; path = game_music.mp3; sourceTree = SOURCE_ROOT; };
		60E918771C21A82E00582C9C /* start_music.mp3 */ = {isa = PBXFileReference; lastKnownFileType = audio.mp3; path = start_music.mp3; sourceTree = SOURCE_ROOT; };
		60E918781C21A82E00582C9C /* 失敗.mp3 */ = {isa = PBXFileReference; lastKnownFileType = audio.mp3; path = "失敗.mp3"; sourceTree = SOURCE_ROOT; };
/* End PBXFileReference section */

/* Begin PBXFrameworksBuildPhase section */
		60201D631C190EB400A12788 /* Frameworks */ = {
			isa = PBXFrameworksBuildPhase;
			buildActionMask = 2147483647;
			files = (
			);
			runOnlyForDeploymentPostprocessing = 0;
		};
		60201D771C190EB400A12788 /* Frameworks */ = {
			isa = PBXFrameworksBuildPhase;
			buildActionMask = 2147483647;
			files = (
			);
			runOnlyForDeploymentPostprocessing = 0;
		};
		60201D821C190EB400A12788 /* Frameworks */ = {
			isa = PBXFrameworksBuildPhase;
			buildActionMask = 2147483647;
			files = (
			);
			runOnlyForDeploymentPostprocessing = 0;
		};
/* End PBXFrameworksBuildPhase section */

/* Begin PBXGroup section */
		60201D5D1C190EB400A12788 = {
			isa = PBXGroup;
			children = (
				60201D681C190EB400A12788 /* macsnap */,
				60201D7D1C190EB400A12788 /* macsnapTests */,
				60201D881C190EB400A12788 /* macsnapUITests */,
				60201D671C190EB400A12788 /* Products */,
			);
			sourceTree = "<group>";
		};
		60201D671C190EB400A12788 /* Products */ = {
			isa = PBXGroup;
			children = (
				60201D661C190EB400A12788 /* macsnap.app */,
				60201D7A1C190EB400A12788 /* macsnapTests.xctest */,
				60201D851C190EB400A12788 /* macsnapUITests.xctest */,
			);
			name = Products;
			sourceTree = "<group>";
		};
		60201D681C190EB400A12788 /* macsnap */ = {
			isa = PBXGroup;
			children = (
				60201D691C190EB400A12788 /* AppDelegate.swift */,
				60201D971C190EF300A12788 /* TopViewController.swift */,
				60E918771C21A82E00582C9C /* start_music.mp3 */,
				60201D6B1C190EB400A12788 /* gameViewController.swift */,
				60E9186F1C21A82400582C9C /* after.png */,
				60E918701C21A82400582C9C /* before.png */,
				60E918721C21A82400582C9C /* game_music.mp3 */,
				60201D6D1C190EB400A12788 /* Main.storyboard */,
				60201D9B1C19106B00A12788 /* ScoreViewController.swift */,
				60201D991C19103E00A12788 /* Scoreclass.swift */,
				60E918711C21A82400582C9C /* end_music.mp3 */,
				60E918781C21A82E00582C9C /* 失敗.mp3 */,
				60201D701C190EB400A12788 /* Assets.xcassets */,
				60201D721C190EB400A12788 /* LaunchScreen.storyboard */,
				60201D751C190EB400A12788 /* Info.plist */,
			);
			path = macsnap;
			sourceTree = "<group>";
		};
		60201D7D1C190EB400A12788 /* macsnapTests */ = {
			isa = PBXGroup;
			children = (
				60201D7E1C190EB400A12788 /* macsnapTests.swift */,
				60201D801C190EB400A12788 /* Info.plist */,
			);
			path = macsnapTests;
			sourceTree = "<group>";
		};
		60201D881C190EB400A12788 /* macsnapUITests */ = {
			isa = PBXGroup;
			children = (
				60201D891C190EB400A12788 /* macsnapUITests.swift */,
				60201D8B1C190EB400A12788 /* Info.plist */,
			);
			path = macsnapUITests;
			sourceTree = "<group>";
		};
/* End PBXGroup section */

/* Begin PBXNativeTarget section */
		60201D651C190EB400A12788 /* macsnap */ = {
			isa = PBXNativeTarget;
			buildConfigurationList = 60201D8E1C190EB400A12788 /* Build configuration list for PBXNativeTarget "macsnap" */;
			buildPhases = (
				60201D621C190EB400A12788 /* Sources */,
				60201D631C190EB400A12788 /* Frameworks */,
				60201D641C190EB400A12788 /* Resources */,
			);
			buildRules = (
			);
			dependencies = (
			);
			name = macsnap;
			productName = macsnap;
			productReference = 60201D661C190EB400A12788 /* macsnap.app */;
			productType = "com.apple.product-type.application";
		};
		60201D791C190EB400A12788 /* macsnapTests */ = {
			isa = PBXNativeTarget;
			buildConfigurationList = 60201D911C190EB400A12788 /* Build configuration list for PBXNativeTarget "macsnapTests" */;
			buildPhases = (
				60201D761C190EB400A12788 /* Sources */,
				60201D771C190EB400A12788 /* Frameworks */,
				60201D781C190EB400A12788 /* Resources */,
			);
			buildRules = (
			);
			dependencies = (
				60201D7C1C190EB400A12788 /* PBXTargetDependency */,
			);
			name = macsnapTests;
			productName = macsnapTests;
			productReference = 60201D7A1C190EB400A12788 /* macsnapTests.xctest */;
			productType = "com.apple.product-type.bundle.unit-test";
		};
		60201D841C190EB400A12788 /* macsnapUITests */ = {
			isa = PBXNativeTarget;
			buildConfigurationList = 60201D941C190EB400A12788 /* Build configuration list for PBXNativeTarget "macsnapUITests" */;
			buildPhases = (
				60201D811C190EB400A12788 /* Sources */,
				60201D821C190EB400A12788 /* Frameworks */,
				60201D831C190EB400A12788 /* Resources */,
			);
			buildRules = (
			);
			dependencies = (
				60201D871C190EB400A12788 /* PBXTargetDependency */,
			);
			name = macsnapUITests;
			productName = macsnapUITests;
			productReference = 60201D851C190EB400A12788 /* macsnapUITests.xctest */;
			productType = "com.apple.product-type.bundle.ui-testing";
		};
/* End PBXNativeTarget section */

/* Begin PBXProject section */
		60201D5E1C190EB400A12788 /* Project object */ = {
			isa = PBXProject;
			attributes = {
				LastSwiftUpdateCheck = 0710;
				LastUpgradeCheck = 0710;
				ORGANIZATIONNAME = "桃原　優";
				TargetAttributes = {
					60201D651C190EB400A12788 = {
						CreatedOnToolsVersion = 7.1.1;
					};
					60201D791C190EB400A12788 = {
						CreatedOnToolsVersion = 7.1.1;
						TestTargetID = 60201D651C190EB400A12788;
					};
					60201D841C190EB400A12788 = {
						CreatedOnToolsVersion = 7.1.1;
						TestTargetID = 60201D651C190EB400A12788;
					};
				};
			};
			buildConfigurationList = 60201D611C190EB400A12788 /* Build configuration list for PBXProject "macsnap" */;
			compatibilityVersion = "Xcode 3.2";
			developmentRegion = English;
			hasScannedForEncodings = 0;
			knownRegions = (
				en,
				Base,
			);
			mainGroup = 60201D5D1C190EB400A12788;
			productRefGroup = 60201D671C190EB400A12788 /* Products */;
			projectDirPath = "";
			projectRoot = "";
			targets = (
				60201D651C190EB400A12788 /* macsnap */,
				60201D791C190EB400A12788 /* macsnapTests */,
				60201D841C190EB400A12788 /* macsnapUITests */,
			);
		};
/* End PBXProject section */

/* Begin PBXResourcesBuildPhase section */
		60201D641C190EB400A12788 /* Resources */ = {
			isa = PBXResourcesBuildPhase;
			buildActionMask = 2147483647;
			files = (
				60201D741C190EB400A12788 /* LaunchScreen.storyboard in Resources */,
				60E918731C21A82400582C9C /* after.png in Resources */,
				60E918791C21A82E00582C9C /* start_music.mp3 in Resources */,
				60E9187A1C21A82E00582C9C /* 失敗.mp3 in Resources */,
				60E918741C21A82400582C9C /* before.png in Resources */,
				60201D711C190EB400A12788 /* Assets.xcassets in Resources */,
				60E918761C21A82400582C9C /* game_music.mp3 in Resources */,
				60201D6F1C190EB400A12788 /* Main.storyboard in Resources */,
				60E918751C21A82400582C9C /* end_music.mp3 in Resources */,
			);
			runOnlyForDeploymentPostprocessing = 0;
		};
		60201D781C190EB400A12788 /* Resources */ = {
			isa = PBXResourcesBuildPhase;
			buildActionMask = 2147483647;
			files = (
			);
			runOnlyForDeploymentPostprocessing = 0;
		};
		60201D831C190EB400A12788 /* Resources */ = {
			isa = PBXResourcesBuildPhase;
			buildActionMask = 2147483647;
			files = (
			);
			runOnlyForDeploymentPostprocessing = 0;
		};
/* End PBXResourcesBuildPhase section */

/* Begin PBXSourcesBuildPhase section */
		60201D621C190EB400A12788 /* Sources */ = {
			isa = PBXSourcesBuildPhase;
			buildActionMask = 2147483647;
			files = (
				60201D981C190EF300A12788 /* TopViewController.swift in Sources */,
				60201D9C1C19106B00A12788 /* ScoreViewController.swift in Sources */,
				60201D6C1C190EB400A12788 /* gameViewController.swift in Sources */,
				60201D9A1C19103E00A12788 /* Scoreclass.swift in Sources */,
				60201D6A1C190EB400A12788 /* AppDelegate.swift in Sources */,
			);
			runOnlyForDeploymentPostprocessing = 0;
		};
		60201D761C190EB400A12788 /* Sources */ = {
			isa = PBXSourcesBuildPhase;
			buildActionMask = 2147483647;
			files = (
				60201D7F1C190EB400A12788 /* macsnapTests.swift in Sources */,
			);
			runOnlyForDeploymentPostprocessing = 0;
		};
		60201D811C190EB400A12788 /* Sources */ = {
			isa = PBXSourcesBuildPhase;
			buildActionMask = 2147483647;
			files = (
				60201D8A1C190EB400A12788 /* macsnapUITests.swift in Sources */,
			);
			runOnlyForDeploymentPostprocessing = 0;
		};
/* End PBXSourcesBuildPhase section */

/* Begin PBXTargetDependency section */
		60201D7C1C190EB400A12788 /* PBXTargetDependency */ = {
			isa = PBXTargetDependency;
			target = 60201D651C190EB400A12788 /* macsnap */;
			targetProxy = 60201D7B1C190EB400A12788 /* PBXContainerItemProxy */;
		};
		60201D871C190EB400A12788 /* PBXTargetDependency */ = {
			isa = PBXTargetDependency;
			target = 60201D651C190EB400A12788 /* macsnap */;
			targetProxy = 60201D861C190EB400A12788 /* PBXContainerItemProxy */;
		};
/* End PBXTargetDependency section */

/* Begin PBXVariantGroup section */
		60201D6D1C190EB400A12788 /* Main.storyboard */ = {
			isa = PBXVariantGroup;
			children = (
				60201D6E1C190EB400A12788 /* Base */,
			);
			name = Main.storyboard;
			sourceTree = "<group>";
		};
		60201D721C190EB400A12788 /* LaunchScreen.storyboard */ = {
			isa = PBXVariantGroup;
			children = (
				60201D731C190EB400A12788 /* Base */,
			);
			name = LaunchScreen.storyboard;
			sourceTree = "<group>";
		};
/* End PBXVariantGroup section */

/* Begin XCBuildConfiguration section */
		60201D8C1C190EB400A12788 /* Debug */ = {
			isa = XCBuildConfiguration;
			buildSettings = {
				ALWAYS_SEARCH_USER_PATHS = NO;
				CLANG_CXX_LANGUAGE_STANDARD = "gnu++0x";
				CLANG_CXX_LIBRARY = "libc++";
				CLANG_ENABLE_MODULES = YES;
				CLANG_ENABLE_OBJC_ARC = YES;
				CLANG_WARN_BOOL_CONVERSION = YES;
				CLANG_WARN_CONSTANT_CONVERSION = YES;
				CLANG_WARN_DIRECT_OBJC_ISA_USAGE = YES_ERROR;
				CLANG_WARN_EMPTY_BODY = YES;
				CLANG_WARN_ENUM_CONVERSION = YES;
				CLANG_WARN_INT_CONVERSION = YES;
				CLANG_WARN_OBJC_ROOT_CLASS = YES_ERROR;
				CLANG_WARN_UNREACHABLE_CODE = YES;
				CLANG_WARN__DUPLICATE_METHOD_MATCH = YES;
				"CODE_SIGN_IDENTITY[sdk=iphoneos*]" = "iPhone Developer";
				COPY_PHASE_STRIP = NO;
				DEBUG_INFORMATION_FORMAT = dwarf;
				ENABLE_STRICT_OBJC_MSGSEND = YES;
				ENABLE_TESTABILITY = YES;
				GCC_C_LANGUAGE_STANDARD = gnu99;
				GCC_DYNAMIC_NO_PIC = NO;
				GCC_NO_COMMON_BLOCKS = YES;
				GCC_OPTIMIZATION_LEVEL = 0;
				GCC_PREPROCESSOR_DEFINITIONS = (
					"DEBUG=1",
					"$(inherited)",
				);
				GCC_WARN_64_TO_32_BIT_CONVERSION = YES;
				GCC_WARN_ABOUT_RETURN_TYPE = YES_ERROR;
				GCC_WARN_UNDECLARED_SELECTOR = YES;
				GCC_WARN_UNINITIALIZED_AUTOS = YES_AGGRESSIVE;
				GCC_WARN_UNUSED_FUNCTION = YES;
				GCC_WARN_UNUSED_VARIABLE = YES;
				IPHONEOS_DEPLOYMENT_TARGET = 9.1;
				MTL_ENABLE_DEBUG_INFO = YES;
				ONLY_ACTIVE_ARCH = YES;
				SDKROOT = iphoneos;
				SWIFT_OPTIMIZATION_LEVEL = "-Onone";
			};
			name = Debug;
		};
		60201D8D1C190EB400A12788 /* Release */ = {
			isa = XCBuildConfiguration;
			buildSettings = {
				ALWAYS_SEARCH_USER_PATHS = NO;
				CLANG_CXX_LANGUAGE_STANDARD = "gnu++0x";
				CLANG_CXX_LIBRARY = "libc++";
				CLANG_ENABLE_MODULES = YES;
				CLANG_ENABLE_OBJC_ARC = YES;
				CLANG_WARN_BOOL_CONVERSION = YES;
				CLANG_WARN_CONSTANT_CONVERSION = YES;
				CLANG_WARN_DIRECT_OBJC_ISA_USAGE = YES_ERROR;
				CLANG_WARN_EMPTY_BODY = YES;
				CLANG_WARN_ENUM_CONVERSION = YES;
				CLANG_WARN_INT_CONVERSION = YES;
				CLANG_WARN_OBJC_ROOT_CLASS = YES_ERROR;
				CLANG_WARN_UNREACHABLE_CODE = YES;
				CLANG_WARN__DUPLICATE_METHOD_MATCH = YES;
				"CODE_SIGN_IDENTITY[sdk=iphoneos*]" = "iPhone Developer";
				COPY_PHASE_STRIP = NO;
				DEBUG_INFORMATION_FORMAT = "dwarf-with-dsym";
				ENABLE_NS_ASSERTIONS = NO;
				ENABLE_STRICT_OBJC_MSGSEND = YES;
				GCC_C_LANGUAGE_STANDARD = gnu99;
				GCC_NO_COMMON_BLOCKS = YES;
				GCC_WARN_64_TO_32_BIT_CONVERSION = YES;
				GCC_WARN_ABOUT_RETURN_TYPE = YES_ERROR;
				GCC_WARN_UNDECLARED_SELECTOR = YES;
				GCC_WARN_UNINITIALIZED_AUTOS = YES_AGGRESSIVE;
				GCC_WARN_UNUSED_FUNCTION = YES;
				GCC_WARN_UNUSED_VARIABLE = YES;
				IPHONEOS_DEPLOYMENT_TARGET = 9.1;
				MTL_ENABLE_DEBUG_INFO = NO;
				SDKROOT = iphoneos;
				VALIDATE_PRODUCT = YES;
			};
			name = Release;
		};
		60201D8F1C190EB400A12788 /* Debug */ = {
			isa = XCBuildConfiguration;
			buildSettings = {
				ASSETCATALOG_COMPILER_APPICON_NAME = AppIcon;
				"CODE_SIGN_IDENTITY[sdk=iphoneos*]" = "";
				INFOPLIST_FILE = macsnap/Info.plist;
				LD_RUNPATH_SEARCH_PATHS = "$(inherited) @executable_path/Frameworks";
				PRODUCT_BUNDLE_IDENTIFIER = practice.macsnap;
				PRODUCT_NAME = "$(TARGET_NAME)";
			};
			name = Debug;
		};
		60201D901C190EB400A12788 /* Release */ = {
			isa = XCBuildConfiguration;
			buildSettings = {
				ASSETCATALOG_COMPILER_APPICON_NAME = AppIcon;
				"CODE_SIGN_IDENTITY[sdk=iphoneos*]" = "";
				INFOPLIST_FILE = macsnap/Info.plist;
				LD_RUNPATH_SEARCH_PATHS = "$(inherited) @executable_path/Frameworks";
				PRODUCT_BUNDLE_IDENTIFIER = practice.macsnap;
				PRODUCT_NAME = "$(TARGET_NAME)";
			};
			name = Release;
		};
		60201D921C190EB400A12788 /* Debug */ = {
			isa = XCBuildConfiguration;
			buildSettings = {
				BUNDLE_LOADER = "$(TEST_HOST)";
				INFOPLIST_FILE = macsnapTests/Info.plist;
				LD_RUNPATH_SEARCH_PATHS = "$(inherited) @executable_path/Frameworks @loader_path/Frameworks";
				PRODUCT_BUNDLE_IDENTIFIER = practice.macsnapTests;
				PRODUCT_NAME = "$(TARGET_NAME)";
				TEST_HOST = "$(BUILT_PRODUCTS_DIR)/macsnap.app/macsnap";
			};
			name = Debug;
		};
		60201D931C190EB400A12788 /* Release */ = {
			isa = XCBuildConfiguration;
			buildSettings = {
				BUNDLE_LOADER = "$(TEST_HOST)";
				INFOPLIST_FILE = macsnapTests/Info.plist;
				LD_RUNPATH_SEARCH_PATHS = "$(inherited) @executable_path/Frameworks @loader_path/Frameworks";
				PRODUCT_BUNDLE_IDENTIFIER = practice.macsnapTests;
				PRODUCT_NAME = "$(TARGET_NAME)";
				TEST_HOST = "$(BUILT_PRODUCTS_DIR)/macsnap.app/macsnap";
			};
			name = Release;
		};
		60201D951C190EB400A12788 /* Debug */ = {
			isa = XCBuildConfiguration;
			buildSettings = {
				INFOPLIST_FILE = macsnapUITests/Info.plist;
				LD_RUNPATH_SEARCH_PATHS = "$(inherited) @executable_path/Frameworks @loader_path/Frameworks";
				PRODUCT_BUNDLE_IDENTIFIER = practice.macsnapUITests;
				PRODUCT_NAME = "$(TARGET_NAME)";
				TEST_TARGET_NAME = macsnap;
				USES_XCTRUNNER = YES;
			};
			name = Debug;
		};
		60201D961C190EB400A12788 /* Release */ = {
			isa = XCBuildConfiguration;
			buildSettings = {
				INFOPLIST_FILE = macsnapUITests/Info.plist;
				LD_RUNPATH_SEARCH_PATHS = "$(inherited) @executable_path/Frameworks @loader_path/Frameworks";
				PRODUCT_BUNDLE_IDENTIFIER = practice.macsnapUITests;
				PRODUCT_NAME = "$(TARGET_NAME)";
				TEST_TARGET_NAME = macsnap;
				USES_XCTRUNNER = YES;
			};
			name = Release;
		};
/* End XCBuildConfiguration section */

/* Begin XCConfigurationList section */
		60201D611C190EB400A12788 /* Build configuration list for PBXProject "macsnap" */ = {
			isa = XCConfigurationList;
			buildConfigurations = (
				60201D8C1C190EB400A12788 /* Debug */,
				60201D8D1C190EB400A12788 /* Release */,
			);
			defaultConfigurationIsVisible = 0;
			defaultConfigurationName = Release;
		};
		60201D8E1C190EB400A12788 /* Build configuration list for PBXNativeTarget "macsnap" */ = {
			isa = XCConfigurationList;
			buildConfigurations = (
				60201D8F1C190EB400A12788 /* Debug */,
				60201D901C190EB400A12788 /* Release */,
			);
			defaultConfigurationIsVisible = 0;
			defaultConfigurationName = Release;
		};
		60201D911C190EB400A12788 /* Build configuration list for PBXNativeTarget "macsnapTests" */ = {
			isa = XCConfigurationList;
			buildConfigurations = (
				60201D921C190EB400A12788 /* Debug */,
				60201D931C190EB400A12788 /* Release */,
			);
			defaultConfigurationIsVisible = 0;
			defaultConfigurationName = Release;
		};
		60201D941C190EB400A12788 /* Build configuration list for PBXNativeTarget "macsnapUITests" */ = {
			isa = XCConfigurationList;
			buildConfigurations = (
				60201D951C190EB400A12788 /* Debug */,
				60201D961C190EB400A12788 /* Release */,
			);
			defaultConfigurationIsVisible = 0;
			defaultConfigurationName = Release;
		};
/* End XCConfigurationList section */
	};
	rootObject = 60201D5E1C190EB400A12788 /* Project object */;
}
