// !$*UTF8*$!
{
	archiveVersion = 1;
	classes = {
	};
	objectVersion = 46;
	objects = {

/* Begin PBXBuildFile section */
		6006C6C11C1006EF00246EC1 /* AppDelegate.swift in Sources */ = {isa = PBXBuildFile; fileRef = 6006C6C01C1006EF00246EC1 /* AppDelegate.swift */; };
		6006C6C61C1006EF00246EC1 /* Main.storyboard in Resources */ = {isa = PBXBuildFile; fileRef = 6006C6C41C1006EF00246EC1 /* Main.storyboard */; };
		6006C6C81C1006EF00246EC1 /* Assets.xcassets in Resources */ = {isa = PBXBuildFile; fileRef = 6006C6C71C1006EF00246EC1 /* Assets.xcassets */; };
		6006C6CB1C1006EF00246EC1 /* LaunchScreen.storyboard in Resources */ = {isa = PBXBuildFile; fileRef = 6006C6C91C1006EF00246EC1 /* LaunchScreen.storyboard */; };
		6006C6D61C1006EF00246EC1 /* destroTests.swift in Sources */ = {isa = PBXBuildFile; fileRef = 6006C6D51C1006EF00246EC1 /* destroTests.swift */; };
		6006C6E11C1006F000246EC1 /* destroUITests.swift in Sources */ = {isa = PBXBuildFile; fileRef = 6006C6E01C1006F000246EC1 /* destroUITests.swift */; };
		6006C6EF1C10070C00246EC1 /* gameViewController.swift in Sources */ = {isa = PBXBuildFile; fileRef = 6006C6EE1C10070C00246EC1 /* gameViewController.swift */; };
		6006C6F11C10072700246EC1 /* Scoreclass.swift in Sources */ = {isa = PBXBuildFile; fileRef = 6006C6F01C10072700246EC1 /* Scoreclass.swift */; };
		6006C6F31C10072E00246EC1 /* ScoreViewController.swift in Sources */ = {isa = PBXBuildFile; fileRef = 6006C6F21C10072E00246EC1 /* ScoreViewController.swift */; };
		6006C6F51C10073D00246EC1 /* TopViewController.swift in Sources */ = {isa = PBXBuildFile; fileRef = 6006C6F41C10073D00246EC1 /* TopViewController.swift */; };
		6006C6F71C10077000246EC1 /* Base.lproj in Resources */ = {isa = PBXBuildFile; fileRef = 6006C6F61C10077000246EC1 /* Base.lproj */; };
/* End PBXBuildFile section */

/* Begin PBXContainerItemProxy section */
		6006C6D21C1006EF00246EC1 /* PBXContainerItemProxy */ = {
			isa = PBXContainerItemProxy;
			containerPortal = 6006C6B51C1006EF00246EC1 /* Project object */;
			proxyType = 1;
			remoteGlobalIDString = 6006C6BC1C1006EF00246EC1;
			remoteInfo = destro;
		};
		6006C6DD1C1006EF00246EC1 /* PBXContainerItemProxy */ = {
			isa = PBXContainerItemProxy;
			containerPortal = 6006C6B51C1006EF00246EC1 /* Project object */;
			proxyType = 1;
			remoteGlobalIDString = 6006C6BC1C1006EF00246EC1;
			remoteInfo = destro;
		};
/* End PBXContainerItemProxy section */

/* Begin PBXFileReference section */
		6006C6BD1C1006EF00246EC1 /* destro.app */ = {isa = PBXFileReference; explicitFileType = wrapper.application; includeInIndex = 0; path = destro.app; sourceTree = BUILT_PRODUCTS_DIR; };
		6006C6C01C1006EF00246EC1 /* AppDelegate.swift */ = {isa = PBXFileReference; lastKnownFileType = sourcecode.swift; path = AppDelegate.swift; sourceTree = "<group>"; };
		6006C6C51C1006EF00246EC1 /* Base */ = {isa = PBXFileReference; lastKnownFileType = file.storyboard; name = Base; path = Base.lproj/Main.storyboard; sourceTree = "<group>"; };
		6006C6C71C1006EF00246EC1 /* Assets.xcassets */ = {isa = PBXFileReference; lastKnownFileType = folder.assetcatalog; path = Assets.xcassets; sourceTree = "<group>"; };
		6006C6CA1C1006EF00246EC1 /* Base */ = {isa = PBXFileReference; lastKnownFileType = file.storyboard; name = Base; path = Base.lproj/LaunchScreen.storyboard; sourceTree = "<group>"; };
		6006C6CC1C1006EF00246EC1 /* Info.plist */ = {isa = PBXFileReference; lastKnownFileType = text.plist.xml; path = Info.plist; sourceTree = "<group>"; };
		6006C6D11C1006EF00246EC1 /* destroTests.xctest */ = {isa = PBXFileReference; explicitFileType = wrapper.cfbundle; includeInIndex = 0; path = destroTests.xctest; sourceTree = BUILT_PRODUCTS_DIR; };
		6006C6D51C1006EF00246EC1 /* destroTests.swift */ = {isa = PBXFileReference; lastKnownFileType = sourcecode.swift; path = destroTests.swift; sourceTree = "<group>"; };
		6006C6D71C1006EF00246EC1 /* Info.plist */ = {isa = PBXFileReference; lastKnownFileType = text.plist.xml; path = Info.plist; sourceTree = "<group>"; };
		6006C6DC1C1006EF00246EC1 /* destroUITests.xctest */ = {isa = PBXFileReference; explicitFileType = wrapper.cfbundle; includeInIndex = 0; path = destroUITests.xctest; sourceTree = BUILT_PRODUCTS_DIR; };
		6006C6E01C1006F000246EC1 /* destroUITests.swift */ = {isa = PBXFileReference; lastKnownFileType = sourcecode.swift; path = destroUITests.swift; sourceTree = "<group>"; };
		6006C6E21C1006F000246EC1 /* Info.plist */ = {isa = PBXFileReference; lastKnownFileType = text.plist.xml; path = Info.plist; sourceTree = "<group>"; };
		6006C6EE1C10070C00246EC1 /* gameViewController.swift */ = {isa = PBXFileReference; fileEncoding = 4; lastKnownFileType = sourcecode.swift; name = gameViewController.swift; path = "../../../morizo-/gameViewController.swift"; sourceTree = "<group>"; };
		6006C6F01C10072700246EC1 /* Scoreclass.swift */ = {isa = PBXFileReference; fileEncoding = 4; lastKnownFileType = sourcecode.swift; name = Scoreclass.swift; path = "../../../morizo-/Scoreclass.swift"; sourceTree = "<group>"; };
		6006C6F21C10072E00246EC1 /* ScoreViewController.swift */ = {isa = PBXFileReference; fileEncoding = 4; lastKnownFileType = sourcecode.swift; name = ScoreViewController.swift; path = "../../../morizo-/ScoreViewController.swift"; sourceTree = "<group>"; };
		6006C6F41C10073D00246EC1 /* TopViewController.swift */ = {isa = PBXFileReference; fileEncoding = 4; lastKnownFileType = sourcecode.swift; name = TopViewController.swift; path = "../../../morizo-/TopViewController.swift"; sourceTree = "<group>"; };
		6006C6F61C10077000246EC1 /* Base.lproj */ = {isa = PBXFileReference; lastKnownFileType = folder; name = Base.lproj; path = "../../../morizo-/Base.lproj"; sourceTree = "<group>"; };
/* End PBXFileReference section */

/* Begin PBXFrameworksBuildPhase section */
		6006C6BA1C1006EF00246EC1 /* Frameworks */ = {
			isa = PBXFrameworksBuildPhase;
			buildActionMask = 2147483647;
			files = (
			);
			runOnlyForDeploymentPostprocessing = 0;
		};
		6006C6CE1C1006EF00246EC1 /* Frameworks */ = {
			isa = PBXFrameworksBuildPhase;
			buildActionMask = 2147483647;
			files = (
			);
			runOnlyForDeploymentPostprocessing = 0;
		};
		6006C6D91C1006EF00246EC1 /* Frameworks */ = {
			isa = PBXFrameworksBuildPhase;
			buildActionMask = 2147483647;
			files = (
			);
			runOnlyForDeploymentPostprocessing = 0;
		};
/* End PBXFrameworksBuildPhase section */

/* Begin PBXGroup section */
		6006C6B41C1006EF00246EC1 = {
			isa = PBXGroup;
			children = (
				6006C6BF1C1006EF00246EC1 /* destro */,
				6006C6D41C1006EF00246EC1 /* destroTests */,
				6006C6DF1C1006F000246EC1 /* destroUITests */,
				6006C6BE1C1006EF00246EC1 /* Products */,
			);
			sourceTree = "<group>";
		};
		6006C6BE1C1006EF00246EC1 /* Products */ = {
			isa = PBXGroup;
			children = (
				6006C6BD1C1006EF00246EC1 /* destro.app */,
				6006C6D11C1006EF00246EC1 /* destroTests.xctest */,
				6006C6DC1C1006EF00246EC1 /* destroUITests.xctest */,
			);
			name = Products;
			sourceTree = "<group>";
		};
		6006C6BF1C1006EF00246EC1 /* destro */ = {
			isa = PBXGroup;
			children = (
				6006C6C01C1006EF00246EC1 /* AppDelegate.swift */,
				6006C6F41C10073D00246EC1 /* TopViewController.swift */,
				6006C6C71C1006EF00246EC1 /* Assets.xcassets */,
				6006C6F01C10072700246EC1 /* Scoreclass.swift */,
				6006C6F21C10072E00246EC1 /* ScoreViewController.swift */,
				6006C6EE1C10070C00246EC1 /* gameViewController.swift */,
				6006C6F61C10077000246EC1 /* Base.lproj */,
				6006C6C91C1006EF00246EC1 /* LaunchScreen.storyboard */,
				6006C6C41C1006EF00246EC1 /* Main.storyboard */,
				6006C6CC1C1006EF00246EC1 /* Info.plist */,
			);
			path = destro;
			sourceTree = "<group>";
		};
		6006C6D41C1006EF00246EC1 /* destroTests */ = {
			isa = PBXGroup;
			children = (
				6006C6D51C1006EF00246EC1 /* destroTests.swift */,
				6006C6D71C1006EF00246EC1 /* Info.plist */,
			);
			path = destroTests;
			sourceTree = "<group>";
		};
		6006C6DF1C1006F000246EC1 /* destroUITests */ = {
			isa = PBXGroup;
			children = (
				6006C6E01C1006F000246EC1 /* destroUITests.swift */,
				6006C6E21C1006F000246EC1 /* Info.plist */,
			);
			path = destroUITests;
			sourceTree = "<group>";
		};
/* End PBXGroup section */

/* Begin PBXNativeTarget section */
		6006C6BC1C1006EF00246EC1 /* destro */ = {
			isa = PBXNativeTarget;
			buildConfigurationList = 6006C6E51C1006F000246EC1 /* Build configuration list for PBXNativeTarget "destro" */;
			buildPhases = (
				6006C6B91C1006EF00246EC1 /* Sources */,
				6006C6BA1C1006EF00246EC1 /* Frameworks */,
				6006C6BB1C1006EF00246EC1 /* Resources */,
			);
			buildRules = (
			);
			dependencies = (
			);
			name = destro;
			productName = destro;
			productReference = 6006C6BD1C1006EF00246EC1 /* destro.app */;
			productType = "com.apple.product-type.application";
		};
		6006C6D01C1006EF00246EC1 /* destroTests */ = {
			isa = PBXNativeTarget;
			buildConfigurationList = 6006C6E81C1006F000246EC1 /* Build configuration list for PBXNativeTarget "destroTests" */;
			buildPhases = (
				6006C6CD1C1006EF00246EC1 /* Sources */,
				6006C6CE1C1006EF00246EC1 /* Frameworks */,
				6006C6CF1C1006EF00246EC1 /* Resources */,
			);
			buildRules = (
			);
			dependencies = (
				6006C6D31C1006EF00246EC1 /* PBXTargetDependency */,
			);
			name = destroTests;
			productName = destroTests;
			productReference = 6006C6D11C1006EF00246EC1 /* destroTests.xctest */;
			productType = "com.apple.product-type.bundle.unit-test";
		};
		6006C6DB1C1006EF00246EC1 /* destroUITests */ = {
			isa = PBXNativeTarget;
			buildConfigurationList = 6006C6EB1C1006F000246EC1 /* Build configuration list for PBXNativeTarget "destroUITests" */;
			buildPhases = (
				6006C6D81C1006EF00246EC1 /* Sources */,
				6006C6D91C1006EF00246EC1 /* Frameworks */,
				6006C6DA1C1006EF00246EC1 /* Resources */,
			);
			buildRules = (
			);
			dependencies = (
				6006C6DE1C1006EF00246EC1 /* PBXTargetDependency */,
			);
			name = destroUITests;
			productName = destroUITests;
			productReference = 6006C6DC1C1006EF00246EC1 /* destroUITests.xctest */;
			productType = "com.apple.product-type.bundle.ui-testing";
		};
/* End PBXNativeTarget section */

/* Begin PBXProject section */
		6006C6B51C1006EF00246EC1 /* Project object */ = {
			isa = PBXProject;
			attributes = {
				LastSwiftUpdateCheck = 0710;
				LastUpgradeCheck = 0710;
				ORGANIZATIONNAME = "桃原　優";
				TargetAttributes = {
					6006C6BC1C1006EF00246EC1 = {
						CreatedOnToolsVersion = 7.1.1;
					};
					6006C6D01C1006EF00246EC1 = {
						CreatedOnToolsVersion = 7.1.1;
						TestTargetID = 6006C6BC1C1006EF00246EC1;
					};
					6006C6DB1C1006EF00246EC1 = {
						CreatedOnToolsVersion = 7.1.1;
						TestTargetID = 6006C6BC1C1006EF00246EC1;
					};
				};
			};
			buildConfigurationList = 6006C6B81C1006EF00246EC1 /* Build configuration list for PBXProject "destro" */;
			compatibilityVersion = "Xcode 3.2";
			developmentRegion = English;
			hasScannedForEncodings = 0;
			knownRegions = (
				en,
				Base,
			);
			mainGroup = 6006C6B41C1006EF00246EC1;
			productRefGroup = 6006C6BE1C1006EF00246EC1 /* Products */;
			projectDirPath = "";
			projectRoot = "";
			targets = (
				6006C6BC1C1006EF00246EC1 /* destro */,
				6006C6D01C1006EF00246EC1 /* destroTests */,
				6006C6DB1C1006EF00246EC1 /* destroUITests */,
			);
		};
/* End PBXProject section */

/* Begin PBXResourcesBuildPhase section */
		6006C6BB1C1006EF00246EC1 /* Resources */ = {
			isa = PBXResourcesBuildPhase;
			buildActionMask = 2147483647;
			files = (
				6006C6CB1C1006EF00246EC1 /* LaunchScreen.storyboard in Resources */,
				6006C6C81C1006EF00246EC1 /* Assets.xcassets in Resources */,
				6006C6F71C10077000246EC1 /* Base.lproj in Resources */,
				6006C6C61C1006EF00246EC1 /* Main.storyboard in Resources */,
			);
			runOnlyForDeploymentPostprocessing = 0;
		};
		6006C6CF1C1006EF00246EC1 /* Resources */ = {
			isa = PBXResourcesBuildPhase;
			buildActionMask = 2147483647;
			files = (
			);
			runOnlyForDeploymentPostprocessing = 0;
		};
		6006C6DA1C1006EF00246EC1 /* Resources */ = {
			isa = PBXResourcesBuildPhase;
			buildActionMask = 2147483647;
			files = (
			);
			runOnlyForDeploymentPostprocessing = 0;
		};
/* End PBXResourcesBuildPhase section */

/* Begin PBXSourcesBuildPhase section */
		6006C6B91C1006EF00246EC1 /* Sources */ = {
			isa = PBXSourcesBuildPhase;
			buildActionMask = 2147483647;
			files = (
				6006C6EF1C10070C00246EC1 /* gameViewController.swift in Sources */,
				6006C6F11C10072700246EC1 /* Scoreclass.swift in Sources */,
				6006C6C11C1006EF00246EC1 /* AppDelegate.swift in Sources */,
				6006C6F31C10072E00246EC1 /* ScoreViewController.swift in Sources */,
				6006C6F51C10073D00246EC1 /* TopViewController.swift in Sources */,
			);
			runOnlyForDeploymentPostprocessing = 0;
		};
		6006C6CD1C1006EF00246EC1 /* Sources */ = {
			isa = PBXSourcesBuildPhase;
			buildActionMask = 2147483647;
			files = (
				6006C6D61C1006EF00246EC1 /* destroTests.swift in Sources */,
			);
			runOnlyForDeploymentPostprocessing = 0;
		};
		6006C6D81C1006EF00246EC1 /* Sources */ = {
			isa = PBXSourcesBuildPhase;
			buildActionMask = 2147483647;
			files = (
				6006C6E11C1006F000246EC1 /* destroUITests.swift in Sources */,
			);
			runOnlyForDeploymentPostprocessing = 0;
		};
/* End PBXSourcesBuildPhase section */

/* Begin PBXTargetDependency section */
		6006C6D31C1006EF00246EC1 /* PBXTargetDependency */ = {
			isa = PBXTargetDependency;
			target = 6006C6BC1C1006EF00246EC1 /* destro */;
			targetProxy = 6006C6D21C1006EF00246EC1 /* PBXContainerItemProxy */;
		};
		6006C6DE1C1006EF00246EC1 /* PBXTargetDependency */ = {
			isa = PBXTargetDependency;
			target = 6006C6BC1C1006EF00246EC1 /* destro */;
			targetProxy = 6006C6DD1C1006EF00246EC1 /* PBXContainerItemProxy */;
		};
/* End PBXTargetDependency section */

/* Begin PBXVariantGroup section */
		6006C6C41C1006EF00246EC1 /* Main.storyboard */ = {
			isa = PBXVariantGroup;
			children = (
				6006C6C51C1006EF00246EC1 /* Base */,
			);
			name = Main.storyboard;
			sourceTree = "<group>";
		};
		6006C6C91C1006EF00246EC1 /* LaunchScreen.storyboard */ = {
			isa = PBXVariantGroup;
			children = (
				6006C6CA1C1006EF00246EC1 /* Base */,
			);
			name = LaunchScreen.storyboard;
			sourceTree = "<group>";
		};
/* End PBXVariantGroup section */

/* Begin XCBuildConfiguration section */
		6006C6E31C1006F000246EC1 /* Debug */ = {
			isa = XCBuildConfiguration;
			buildSettings = {
				ALWAYS_SEARCH_USER_PATHS = NO;
				CLANG_CXX_LANGUAGE_STANDARD = "gnu++0x";
				CLANG_CXX_LIBRARY = "libc++";
				CLANG_ENABLE_MODULES = YES;
				CLANG_ENABLE_OBJC_ARC = YES;
				CLANG_WARN_BOOL_CONVERSION = YES;
				CLANG_WARN_CONSTANT_CONVERSION = YES;
				CLANG_WARN_DIRECT_OBJC_ISA_USAGE = YES_ERROR;
				CLANG_WARN_EMPTY_BODY = YES;
				CLANG_WARN_ENUM_CONVERSION = YES;
				CLANG_WARN_INT_CONVERSION = YES;
				CLANG_WARN_OBJC_ROOT_CLASS = YES_ERROR;
				CLANG_WARN_UNREACHABLE_CODE = YES;
				CLANG_WARN__DUPLICATE_METHOD_MATCH = YES;
				"CODE_SIGN_IDENTITY[sdk=iphoneos*]" = "iPhone Developer";
				COPY_PHASE_STRIP = NO;
				DEBUG_INFORMATION_FORMAT = dwarf;
				ENABLE_STRICT_OBJC_MSGSEND = YES;
				ENABLE_TESTABILITY = YES;
				GCC_C_LANGUAGE_STANDARD = gnu99;
				GCC_DYNAMIC_NO_PIC = NO;
				GCC_NO_COMMON_BLOCKS = YES;
				GCC_OPTIMIZATION_LEVEL = 0;
				GCC_PREPROCESSOR_DEFINITIONS = (
					"DEBUG=1",
					"$(inherited)",
				);
				GCC_WARN_64_TO_32_BIT_CONVERSION = YES;
				GCC_WARN_ABOUT_RETURN_TYPE = YES_ERROR;
				GCC_WARN_UNDECLARED_SELECTOR = YES;
				GCC_WARN_UNINITIALIZED_AUTOS = YES_AGGRESSIVE;
				GCC_WARN_UNUSED_FUNCTION = YES;
				GCC_WARN_UNUSED_VARIABLE = YES;
				IPHONEOS_DEPLOYMENT_TARGET = 9.1;
				MTL_ENABLE_DEBUG_INFO = YES;
				ONLY_ACTIVE_ARCH = YES;
				SDKROOT = iphoneos;
				SWIFT_OPTIMIZATION_LEVEL = "-Onone";
			};
			name = Debug;
		};
		6006C6E41C1006F000246EC1 /* Release */ = {
			isa = XCBuildConfiguration;
			buildSettings = {
				ALWAYS_SEARCH_USER_PATHS = NO;
				CLANG_CXX_LANGUAGE_STANDARD = "gnu++0x";
				CLANG_CXX_LIBRARY = "libc++";
				CLANG_ENABLE_MODULES = YES;
				CLANG_ENABLE_OBJC_ARC = YES;
				CLANG_WARN_BOOL_CONVERSION = YES;
				CLANG_WARN_CONSTANT_CONVERSION = YES;
				CLANG_WARN_DIRECT_OBJC_ISA_USAGE = YES_ERROR;
				CLANG_WARN_EMPTY_BODY = YES;
				CLANG_WARN_ENUM_CONVERSION = YES;
				CLANG_WARN_INT_CONVERSION = YES;
				CLANG_WARN_OBJC_ROOT_CLASS = YES_ERROR;
				CLANG_WARN_UNREACHABLE_CODE = YES;
				CLANG_WARN__DUPLICATE_METHOD_MATCH = YES;
				"CODE_SIGN_IDENTITY[sdk=iphoneos*]" = "iPhone Developer";
				COPY_PHASE_STRIP = NO;
				DEBUG_INFORMATION_FORMAT = "dwarf-with-dsym";
				ENABLE_NS_ASSERTIONS = NO;
				ENABLE_STRICT_OBJC_MSGSEND = YES;
				GCC_C_LANGUAGE_STANDARD = gnu99;
				GCC_NO_COMMON_BLOCKS = YES;
				GCC_WARN_64_TO_32_BIT_CONVERSION = YES;
				GCC_WARN_ABOUT_RETURN_TYPE = YES_ERROR;
				GCC_WARN_UNDECLARED_SELECTOR = YES;
				GCC_WARN_UNINITIALIZED_AUTOS = YES_AGGRESSIVE;
				GCC_WARN_UNUSED_FUNCTION = YES;
				GCC_WARN_UNUSED_VARIABLE = YES;
				IPHONEOS_DEPLOYMENT_TARGET = 9.1;
				MTL_ENABLE_DEBUG_INFO = NO;
				SDKROOT = iphoneos;
				VALIDATE_PRODUCT = YES;
			};
			name = Release;
		};
		6006C6E61C1006F000246EC1 /* Debug */ = {
			isa = XCBuildConfiguration;
			buildSettings = {
				ASSETCATALOG_COMPILER_APPICON_NAME = AppIcon;
				INFOPLIST_FILE = destro/Info.plist;
				LD_RUNPATH_SEARCH_PATHS = "$(inherited) @executable_path/Frameworks";
				PRODUCT_BUNDLE_IDENTIFIER = practice.destro;
				PRODUCT_NAME = "$(TARGET_NAME)";
			};
			name = Debug;
		};
		6006C6E71C1006F000246EC1 /* Release */ = {
			isa = XCBuildConfiguration;
			buildSettings = {
				ASSETCATALOG_COMPILER_APPICON_NAME = AppIcon;
				INFOPLIST_FILE = destro/Info.plist;
				LD_RUNPATH_SEARCH_PATHS = "$(inherited) @executable_path/Frameworks";
				PRODUCT_BUNDLE_IDENTIFIER = practice.destro;
				PRODUCT_NAME = "$(TARGET_NAME)";
			};
			name = Release;
		};
		6006C6E91C1006F000246EC1 /* Debug */ = {
			isa = XCBuildConfiguration;
			buildSettings = {
				BUNDLE_LOADER = "$(TEST_HOST)";
				INFOPLIST_FILE = destroTests/Info.plist;
				LD_RUNPATH_SEARCH_PATHS = "$(inherited) @executable_path/Frameworks @loader_path/Frameworks";
				PRODUCT_BUNDLE_IDENTIFIER = practice.destroTests;
				PRODUCT_NAME = "$(TARGET_NAME)";
				TEST_HOST = "$(BUILT_PRODUCTS_DIR)/destro.app/destro";
			};
			name = Debug;
		};
		6006C6EA1C1006F000246EC1 /* Release */ = {
			isa = XCBuildConfiguration;
			buildSettings = {
				BUNDLE_LOADER = "$(TEST_HOST)";
				INFOPLIST_FILE = destroTests/Info.plist;
				LD_RUNPATH_SEARCH_PATHS = "$(inherited) @executable_path/Frameworks @loader_path/Frameworks";
				PRODUCT_BUNDLE_IDENTIFIER = practice.destroTests;
				PRODUCT_NAME = "$(TARGET_NAME)";
				TEST_HOST = "$(BUILT_PRODUCTS_DIR)/destro.app/destro";
			};
			name = Release;
		};
		6006C6EC1C1006F000246EC1 /* Debug */ = {
			isa = XCBuildConfiguration;
			buildSettings = {
				INFOPLIST_FILE = destroUITests/Info.plist;
				LD_RUNPATH_SEARCH_PATHS = "$(inherited) @executable_path/Frameworks @loader_path/Frameworks";
				PRODUCT_BUNDLE_IDENTIFIER = practice.destroUITests;
				PRODUCT_NAME = "$(TARGET_NAME)";
				TEST_TARGET_NAME = destro;
				USES_XCTRUNNER = YES;
			};
			name = Debug;
		};
		6006C6ED1C1006F000246EC1 /* Release */ = {
			isa = XCBuildConfiguration;
			buildSettings = {
				INFOPLIST_FILE = destroUITests/Info.plist;
				LD_RUNPATH_SEARCH_PATHS = "$(inherited) @executable_path/Frameworks @loader_path/Frameworks";
				PRODUCT_BUNDLE_IDENTIFIER = practice.destroUITests;
				PRODUCT_NAME = "$(TARGET_NAME)";
				TEST_TARGET_NAME = destro;
				USES_XCTRUNNER = YES;
			};
			name = Release;
		};
/* End XCBuildConfiguration section */

/* Begin XCConfigurationList section */
		6006C6B81C1006EF00246EC1 /* Build configuration list for PBXProject "destro" */ = {
			isa = XCConfigurationList;
			buildConfigurations = (
				6006C6E31C1006F000246EC1 /* Debug */,
				6006C6E41C1006F000246EC1 /* Release */,
			);
			defaultConfigurationIsVisible = 0;
			defaultConfigurationName = Release;
		};
		6006C6E51C1006F000246EC1 /* Build configuration list for PBXNativeTarget "destro" */ = {
			isa = XCConfigurationList;
			buildConfigurations = (
				6006C6E61C1006F000246EC1 /* Debug */,
				6006C6E71C1006F000246EC1 /* Release */,
			);
			defaultConfigurationIsVisible = 0;
		};
		6006C6E81C1006F000246EC1 /* Build configuration list for PBXNativeTarget "destroTests" */ = {
			isa = XCConfigurationList;
			buildConfigurations = (
				6006C6E91C1006F000246EC1 /* Debug */,
				6006C6EA1C1006F000246EC1 /* Release */,
			);
			defaultConfigurationIsVisible = 0;
		};
		6006C6EB1C1006F000246EC1 /* Build configuration list for PBXNativeTarget "destroUITests" */ = {
			isa = XCConfigurationList;
			buildConfigurations = (
				6006C6EC1C1006F000246EC1 /* Debug */,
				6006C6ED1C1006F000246EC1 /* Release */,
			);
			defaultConfigurationIsVisible = 0;
		};
/* End XCConfigurationList section */
	};
	rootObject = 6006C6B51C1006EF00246EC1 /* Project object */;
}
